
Microsoft Visual Studio Solution File, Format Version 12.00
# Visual Studio 15
Project("{FAE04EC0-301F-11D3-BF4B-00C04F79EFBC}") = "GraphMaker", "Assembly-CSharp.csproj", "{943DFD51-102C-D8F5-783C-C9453FF3415E}"
EndProject
Project("{FAE04EC0-301F-11D3-BF4B-00C04F79EFBC}") = "GraphMaker", "Assembly-CSharp-Editor.csproj", "{27680E0D-B076-8658-2EA5-DC1AA2B9A63A}"
EndProject
Global
	GlobalSection(SolutionConfigurationPlatforms) = preSolution
		Debug|Any CPU = Debug|Any CPU
		Release|Any CPU = Release|Any CPU
	EndGlobalSection
	GlobalSection(ProjectConfigurationPlatforms) = postSolution
		{943DFD51-102C-D8F5-783C-C9453FF3415E}.Debug|Any CPU.ActiveCfg = Debug|Any CPU
		{943DFD51-102C-D8F5-783C-C9453FF3415E}.Debug|Any CPU.Build.0 = Debug|Any CPU
		{943DFD51-102C-D8F5-783C-C9453FF3415E}.Release|Any CPU.ActiveCfg = Release|Any CPU
		{943DFD51-102C-D8F5-783C-C9453FF3415E}.Release|Any CPU.Build.0 = Release|Any CPU
		{27680E0D-B076-8658-2EA5-DC1AA2B9A63A}.Debug|Any CPU.ActiveCfg = Debug|Any CPU
		{27680E0D-B076-8658-2EA5-DC1AA2B9A63A}.Debug|Any CPU.Build.0 = Debug|Any CPU
		{27680E0D-B076-8658-2EA5-DC1AA2B9A63A}.Release|Any CPU.ActiveCfg = Release|Any CPU
		{27680E0D-B076-8658-2EA5-DC1AA2B9A63A}.Release|Any CPU.Build.0 = Release|Any CPU
	EndGlobalSection
	GlobalSection(SolutionProperties) = preSolution
		HideSolutionNode = FALSE
	EndGlobalSection
EndGlobal
