
Microsoft Visual Studio Solution File, Format Version 12.00
# Visual Studio 15
Project("{FAE04EC0-301F-11D3-BF4B-00C04F79EFBC}") = "FeedbackTrial5", "Assembly-CSharp.csproj", "{F67D4919-DDA9-8161-A56F-16A4FC3F3FEE}"
EndProject
Project("{FAE04EC0-301F-11D3-BF4B-00C04F79EFBC}") = "FeedbackTrial5", "Assembly-CSharp-Editor.csproj", "{017C6EDC-E700-F303-39DD-1F635B42B10E}"
EndProject
Global
	GlobalSection(SolutionConfigurationPlatforms) = preSolution
		Debug|Any CPU = Debug|Any CPU
		Release|Any CPU = Release|Any CPU
	EndGlobalSection
	GlobalSection(ProjectConfigurationPlatforms) = postSolution
		{F67D4919-DDA9-8161-A56F-16A4FC3F3FEE}.Debug|Any CPU.ActiveCfg = Debug|Any CPU
		{F67D4919-DDA9-8161-A56F-16A4FC3F3FEE}.Debug|Any CPU.Build.0 = Debug|Any CPU
		{F67D4919-DDA9-8161-A56F-16A4FC3F3FEE}.Release|Any CPU.ActiveCfg = Release|Any CPU
		{F67D4919-DDA9-8161-A56F-16A4FC3F3FEE}.Release|Any CPU.Build.0 = Release|Any CPU
		{017C6EDC-E700-F303-39DD-1F635B42B10E}.Debug|Any CPU.ActiveCfg = Debug|Any CPU
		{017C6EDC-E700-F303-39DD-1F635B42B10E}.Debug|Any CPU.Build.0 = Debug|Any CPU
		{017C6EDC-E700-F303-39DD-1F635B42B10E}.Release|Any CPU.ActiveCfg = Release|Any CPU
		{017C6EDC-E700-F303-39DD-1F635B42B10E}.Release|Any CPU.Build.0 = Release|Any CPU
	EndGlobalSection
	GlobalSection(SolutionProperties) = preSolution
		HideSolutionNode = FALSE
	EndGlobalSection
EndGlobal
