
Microsoft Visual Studio Solution File, Format Version 12.00
# Visual Studio 15
Project("{FAE04EC0-301F-11D3-BF4B-00C04F79EFBC}") = "Trial1", "Assembly-CSharp.csproj", "{A7CF4542-C7AD-3EE7-EF09-066AF62B007C}"
EndProject
Project("{FAE04EC0-301F-11D3-BF4B-00C04F79EFBC}") = "Trial1", "Assembly-CSharp-Editor.csproj", "{AE1CDA85-A24C-A9D7-2609-27F00D78A35D}"
EndProject
Global
	GlobalSection(SolutionConfigurationPlatforms) = preSolution
		Debug|Any CPU = Debug|Any CPU
		Release|Any CPU = Release|Any CPU
	EndGlobalSection
	GlobalSection(ProjectConfigurationPlatforms) = postSolution
		{A7CF4542-C7AD-3EE7-EF09-066AF62B007C}.Debug|Any CPU.ActiveCfg = Debug|Any CPU
		{A7CF4542-C7AD-3EE7-EF09-066AF62B007C}.Debug|Any CPU.Build.0 = Debug|Any CPU
		{A7CF4542-C7AD-3EE7-EF09-066AF62B007C}.Release|Any CPU.ActiveCfg = Release|Any CPU
		{A7CF4542-C7AD-3EE7-EF09-066AF62B007C}.Release|Any CPU.Build.0 = Release|Any CPU
		{AE1CDA85-A24C-A9D7-2609-27F00D78A35D}.Debug|Any CPU.ActiveCfg = Debug|Any CPU
		{AE1CDA85-A24C-A9D7-2609-27F00D78A35D}.Debug|Any CPU.Build.0 = Debug|Any CPU
		{AE1CDA85-A24C-A9D7-2609-27F00D78A35D}.Release|Any CPU.ActiveCfg = Release|Any CPU
		{AE1CDA85-A24C-A9D7-2609-27F00D78A35D}.Release|Any CPU.Build.0 = Release|Any CPU
	EndGlobalSection
	GlobalSection(SolutionProperties) = preSolution
		HideSolutionNode = FALSE
	EndGlobalSection
EndGlobal
