
Microsoft Visual Studio Solution File, Format Version 12.00
# Visual Studio 15
Project("{FAE04EC0-301F-11D3-BF4B-00C04F79EFBC}") = "SimpleUDPHololens", "Assembly-CSharp.csproj", "{0EAAA3B6-3993-EF21-B795-0F838BE88D42}"
EndProject
Project("{FAE04EC0-301F-11D3-BF4B-00C04F79EFBC}") = "SimpleUDPHololens", "Assembly-CSharp-Editor.csproj", "{9327A4CA-BF4B-02F5-1D3D-24DAC816F768}"
EndProject
Global
	GlobalSection(SolutionConfigurationPlatforms) = preSolution
		Debug|Any CPU = Debug|Any CPU
		Release|Any CPU = Release|Any CPU
	EndGlobalSection
	GlobalSection(ProjectConfigurationPlatforms) = postSolution
		{0EAAA3B6-3993-EF21-B795-0F838BE88D42}.Debug|Any CPU.ActiveCfg = Debug|Any CPU
		{0EAAA3B6-3993-EF21-B795-0F838BE88D42}.Debug|Any CPU.Build.0 = Debug|Any CPU
		{0EAAA3B6-3993-EF21-B795-0F838BE88D42}.Release|Any CPU.ActiveCfg = Release|Any CPU
		{0EAAA3B6-3993-EF21-B795-0F838BE88D42}.Release|Any CPU.Build.0 = Release|Any CPU
		{9327A4CA-BF4B-02F5-1D3D-24DAC816F768}.Debug|Any CPU.ActiveCfg = Debug|Any CPU
		{9327A4CA-BF4B-02F5-1D3D-24DAC816F768}.Debug|Any CPU.Build.0 = Debug|Any CPU
		{9327A4CA-BF4B-02F5-1D3D-24DAC816F768}.Release|Any CPU.ActiveCfg = Release|Any CPU
		{9327A4CA-BF4B-02F5-1D3D-24DAC816F768}.Release|Any CPU.Build.0 = Release|Any CPU
	EndGlobalSection
	GlobalSection(SolutionProperties) = preSolution
		HideSolutionNode = FALSE
	EndGlobalSection
EndGlobal
