
Microsoft Visual Studio Solution File, Format Version 12.00
# Visual Studio 15
VisualStudioVersion = 15.0.27703.2026
MinimumVisualStudioVersion = 10.0.40219.1
Project("{FAE04EC0-301F-11D3-BF4B-00C04F79EFBC}") = "HoloLensFeedbackTrial", "HoloLensFeedbackTrial\HoloLensFeedbackTrial.csproj", "{7AD3BB86-4C1D-42EF-9EBF-0C88AE16E3BA}"
EndProject
Global
	GlobalSection(SolutionConfigurationPlatforms) = preSolution
		Debug|ARM = Debug|ARM
		Debug|x64 = Debug|x64
		Debug|x86 = Debug|x86
		Release|ARM = Release|ARM
		Release|x64 = Release|x64
		Release|x86 = Release|x86
	EndGlobalSection
	GlobalSection(ProjectConfigurationPlatforms) = postSolution
		{7AD3BB86-4C1D-42EF-9EBF-0C88AE16E3BA}.Debug|ARM.ActiveCfg = Debug|ARM
		{7AD3BB86-4C1D-42EF-9EBF-0C88AE16E3BA}.Debug|ARM.Build.0 = Debug|ARM
		{7AD3BB86-4C1D-42EF-9EBF-0C88AE16E3BA}.Debug|ARM.Deploy.0 = Debug|ARM
		{7AD3BB86-4C1D-42EF-9EBF-0C88AE16E3BA}.Debug|x64.ActiveCfg = Debug|x64
		{7AD3BB86-4C1D-42EF-9EBF-0C88AE16E3BA}.Debug|x64.Build.0 = Debug|x64
		{7AD3BB86-4C1D-42EF-9EBF-0C88AE16E3BA}.Debug|x64.Deploy.0 = Debug|x64
		{7AD3BB86-4C1D-42EF-9EBF-0C88AE16E3BA}.Debug|x86.ActiveCfg = Debug|x86
		{7AD3BB86-4C1D-42EF-9EBF-0C88AE16E3BA}.Debug|x86.Build.0 = Debug|x86
		{7AD3BB86-4C1D-42EF-9EBF-0C88AE16E3BA}.Debug|x86.Deploy.0 = Debug|x86
		{7AD3BB86-4C1D-42EF-9EBF-0C88AE16E3BA}.Release|ARM.ActiveCfg = Release|ARM
		{7AD3BB86-4C1D-42EF-9EBF-0C88AE16E3BA}.Release|ARM.Build.0 = Release|ARM
		{7AD3BB86-4C1D-42EF-9EBF-0C88AE16E3BA}.Release|ARM.Deploy.0 = Release|ARM
		{7AD3BB86-4C1D-42EF-9EBF-0C88AE16E3BA}.Release|x64.ActiveCfg = Release|x64
		{7AD3BB86-4C1D-42EF-9EBF-0C88AE16E3BA}.Release|x64.Build.0 = Release|x64
		{7AD3BB86-4C1D-42EF-9EBF-0C88AE16E3BA}.Release|x64.Deploy.0 = Release|x64
		{7AD3BB86-4C1D-42EF-9EBF-0C88AE16E3BA}.Release|x86.ActiveCfg = Release|x86
		{7AD3BB86-4C1D-42EF-9EBF-0C88AE16E3BA}.Release|x86.Build.0 = Release|x86
		{7AD3BB86-4C1D-42EF-9EBF-0C88AE16E3BA}.Release|x86.Deploy.0 = Release|x86
	EndGlobalSection
	GlobalSection(SolutionProperties) = preSolution
		HideSolutionNode = FALSE
	EndGlobalSection
	GlobalSection(ExtensibilityGlobals) = postSolution
		SolutionGuid = {1CDDF109-E7C6-4E98-8978-790B14590724}
	EndGlobalSection
EndGlobal
