
Microsoft Visual Studio Solution File, Format Version 12.00
# Visual Studio 15
Project("{FAE04EC0-301F-11D3-BF4B-00C04F79EFBC}") = "FeedbackTrial6", "Assembly-CSharp.csproj", "{C079EDCE-C88C-2BD3-F57B-A35E47A1C31B}"
EndProject
Project("{FAE04EC0-301F-11D3-BF4B-00C04F79EFBC}") = "FeedbackTrial6", "Assembly-CSharp-Editor.csproj", "{8219E31F-02FD-9A32-BCDA-FD2470BAB73C}"
EndProject
Global
	GlobalSection(SolutionConfigurationPlatforms) = preSolution
		Debug|Any CPU = Debug|Any CPU
		Release|Any CPU = Release|Any CPU
	EndGlobalSection
	GlobalSection(ProjectConfigurationPlatforms) = postSolution
		{C079EDCE-C88C-2BD3-F57B-A35E47A1C31B}.Debug|Any CPU.ActiveCfg = Debug|Any CPU
		{C079EDCE-C88C-2BD3-F57B-A35E47A1C31B}.Debug|Any CPU.Build.0 = Debug|Any CPU
		{C079EDCE-C88C-2BD3-F57B-A35E47A1C31B}.Release|Any CPU.ActiveCfg = Release|Any CPU
		{C079EDCE-C88C-2BD3-F57B-A35E47A1C31B}.Release|Any CPU.Build.0 = Release|Any CPU
		{8219E31F-02FD-9A32-BCDA-FD2470BAB73C}.Debug|Any CPU.ActiveCfg = Debug|Any CPU
		{8219E31F-02FD-9A32-BCDA-FD2470BAB73C}.Debug|Any CPU.Build.0 = Debug|Any CPU
		{8219E31F-02FD-9A32-BCDA-FD2470BAB73C}.Release|Any CPU.ActiveCfg = Release|Any CPU
		{8219E31F-02FD-9A32-BCDA-FD2470BAB73C}.Release|Any CPU.Build.0 = Release|Any CPU
	EndGlobalSection
	GlobalSection(SolutionProperties) = preSolution
		HideSolutionNode = FALSE
	EndGlobalSection
EndGlobal
