
Microsoft Visual Studio Solution File, Format Version 12.00
# Visual Studio 15
Project("{FAE04EC0-301F-11D3-BF4B-00C04F79EFBC}") = "FeedbackTrial2", "Assembly-CSharp.csproj", "{57F8A805-BEC6-3A85-F4B6-38584B77795A}"
EndProject
Project("{FAE04EC0-301F-11D3-BF4B-00C04F79EFBC}") = "FeedbackTrial2", "Assembly-CSharp-Editor.csproj", "{C005C1C8-D674-3DEF-C24E-DCE7F3CD0E05}"
EndProject
Global
	GlobalSection(SolutionConfigurationPlatforms) = preSolution
		Debug|Any CPU = Debug|Any CPU
		Release|Any CPU = Release|Any CPU
	EndGlobalSection
	GlobalSection(ProjectConfigurationPlatforms) = postSolution
		{57F8A805-BEC6-3A85-F4B6-38584B77795A}.Debug|Any CPU.ActiveCfg = Debug|Any CPU
		{57F8A805-BEC6-3A85-F4B6-38584B77795A}.Debug|Any CPU.Build.0 = Debug|Any CPU
		{57F8A805-BEC6-3A85-F4B6-38584B77795A}.Release|Any CPU.ActiveCfg = Release|Any CPU
		{57F8A805-BEC6-3A85-F4B6-38584B77795A}.Release|Any CPU.Build.0 = Release|Any CPU
		{C005C1C8-D674-3DEF-C24E-DCE7F3CD0E05}.Debug|Any CPU.ActiveCfg = Debug|Any CPU
		{C005C1C8-D674-3DEF-C24E-DCE7F3CD0E05}.Debug|Any CPU.Build.0 = Debug|Any CPU
		{C005C1C8-D674-3DEF-C24E-DCE7F3CD0E05}.Release|Any CPU.ActiveCfg = Release|Any CPU
		{C005C1C8-D674-3DEF-C24E-DCE7F3CD0E05}.Release|Any CPU.Build.0 = Release|Any CPU
	EndGlobalSection
	GlobalSection(SolutionProperties) = preSolution
		HideSolutionNode = FALSE
	EndGlobalSection
EndGlobal
