
Microsoft Visual Studio Solution File, Format Version 12.00
# Visual Studio 15
Project("{FAE04EC0-301F-11D3-BF4B-00C04F79EFBC}") = "HoloLensFeedback", "Assembly-CSharp.csproj", "{E7CC28B8-883F-2CAE-167A-4A40BB7913D8}"
EndProject
Project("{FAE04EC0-301F-11D3-BF4B-00C04F79EFBC}") = "HoloLensFeedback", "Assembly-CSharp-Editor.csproj", "{4D39D7E9-961F-9F35-2350-B72E3F77D8D7}"
EndProject
Global
	GlobalSection(SolutionConfigurationPlatforms) = preSolution
		Debug|Any CPU = Debug|Any CPU
		Release|Any CPU = Release|Any CPU
	EndGlobalSection
	GlobalSection(ProjectConfigurationPlatforms) = postSolution
		{E7CC28B8-883F-2CAE-167A-4A40BB7913D8}.Debug|Any CPU.ActiveCfg = Debug|Any CPU
		{E7CC28B8-883F-2CAE-167A-4A40BB7913D8}.Debug|Any CPU.Build.0 = Debug|Any CPU
		{E7CC28B8-883F-2CAE-167A-4A40BB7913D8}.Release|Any CPU.ActiveCfg = Release|Any CPU
		{E7CC28B8-883F-2CAE-167A-4A40BB7913D8}.Release|Any CPU.Build.0 = Release|Any CPU
		{4D39D7E9-961F-9F35-2350-B72E3F77D8D7}.Debug|Any CPU.ActiveCfg = Debug|Any CPU
		{4D39D7E9-961F-9F35-2350-B72E3F77D8D7}.Debug|Any CPU.Build.0 = Debug|Any CPU
		{4D39D7E9-961F-9F35-2350-B72E3F77D8D7}.Release|Any CPU.ActiveCfg = Release|Any CPU
		{4D39D7E9-961F-9F35-2350-B72E3F77D8D7}.Release|Any CPU.Build.0 = Release|Any CPU
	EndGlobalSection
	GlobalSection(SolutionProperties) = preSolution
		HideSolutionNode = FALSE
	EndGlobalSection
EndGlobal
